
Microsoft Visual Studio Solution File, Format Version 12.00
Project("{FAE04EC0-301F-11D3-BF4B-00C04F79EFBC}") = "VShop.ProductAPI", "VShop.ProductAPI\VShop.ProductAPI.csproj", "{387C2B08-7AFD-46B0-A405-34DC9252C8ED}"
EndProject
Project("{FAE04EC0-301F-11D3-BF4B-00C04F79EFBC}") = "VShop.Web", "VShop.Web\VShop.Web.csproj", "{309FBDCA-DBD0-4FD2-87AC-0CB7CBA01768}"
EndProject
Project("{2150E333-8FDC-42A3-9474-1A3956D46DE8}") = "Frontend", "Frontend", "{EC47CFA6-102B-4925-8F68-25C5D3E570EB}"
EndProject
Project("{2150E333-8FDC-42A3-9474-1A3956D46DE8}") = "Backend", "Backend", "{3447C2FF-A51C-456D-8DC8-1F657599EF79}"
EndProject
Project("{FAE04EC0-301F-11D3-BF4B-00C04F79EFBC}") = "VShop.IdentityServer", "VShop.IdentityServer\VShop.IdentityServer.csproj", "{B195CE91-D60E-414C-AA87-175285052D55}"
EndProject
Global
	GlobalSection(SolutionConfigurationPlatforms) = preSolution
		Debug|Any CPU = Debug|Any CPU
		Release|Any CPU = Release|Any CPU
	EndGlobalSection
	GlobalSection(ProjectConfigurationPlatforms) = postSolution
		{387C2B08-7AFD-46B0-A405-34DC9252C8ED}.Debug|Any CPU.ActiveCfg = Debug|Any CPU
		{387C2B08-7AFD-46B0-A405-34DC9252C8ED}.Debug|Any CPU.Build.0 = Debug|Any CPU
		{387C2B08-7AFD-46B0-A405-34DC9252C8ED}.Release|Any CPU.ActiveCfg = Release|Any CPU
		{387C2B08-7AFD-46B0-A405-34DC9252C8ED}.Release|Any CPU.Build.0 = Release|Any CPU
		{309FBDCA-DBD0-4FD2-87AC-0CB7CBA01768}.Debug|Any CPU.ActiveCfg = Debug|Any CPU
		{309FBDCA-DBD0-4FD2-87AC-0CB7CBA01768}.Debug|Any CPU.Build.0 = Debug|Any CPU
		{309FBDCA-DBD0-4FD2-87AC-0CB7CBA01768}.Release|Any CPU.ActiveCfg = Release|Any CPU
		{309FBDCA-DBD0-4FD2-87AC-0CB7CBA01768}.Release|Any CPU.Build.0 = Release|Any CPU
		{B195CE91-D60E-414C-AA87-175285052D55}.Debug|Any CPU.ActiveCfg = Debug|Any CPU
		{B195CE91-D60E-414C-AA87-175285052D55}.Debug|Any CPU.Build.0 = Debug|Any CPU
		{B195CE91-D60E-414C-AA87-175285052D55}.Release|Any CPU.ActiveCfg = Release|Any CPU
		{B195CE91-D60E-414C-AA87-175285052D55}.Release|Any CPU.Build.0 = Release|Any CPU
	EndGlobalSection
	GlobalSection(NestedProjects) = preSolution
		{309FBDCA-DBD0-4FD2-87AC-0CB7CBA01768} = {EC47CFA6-102B-4925-8F68-25C5D3E570EB}
		{387C2B08-7AFD-46B0-A405-34DC9252C8ED} = {3447C2FF-A51C-456D-8DC8-1F657599EF79}
		{B195CE91-D60E-414C-AA87-175285052D55} = {3447C2FF-A51C-456D-8DC8-1F657599EF79}
	EndGlobalSection
EndGlobal
