
Microsoft Visual Studio Solution File, Format Version 12.00
Project("{FAE04EC0-301F-11D3-BF4B-00C04F79EFBC}") = "ByteBank_ADM", "ByteBank_ADM\ByteBank_ADM.csproj", "{261F1A2B-5E42-4AB6-B616-89DA4FDAECEB}"
EndProject
Global
	GlobalSection(SolutionConfigurationPlatforms) = preSolution
		Debug|Any CPU = Debug|Any CPU
		Release|Any CPU = Release|Any CPU
	EndGlobalSection
	GlobalSection(ProjectConfigurationPlatforms) = postSolution
		{261F1A2B-5E42-4AB6-B616-89DA4FDAECEB}.Debug|Any CPU.ActiveCfg = Debug|Any CPU
		{261F1A2B-5E42-4AB6-B616-89DA4FDAECEB}.Debug|Any CPU.Build.0 = Debug|Any CPU
		{261F1A2B-5E42-4AB6-B616-89DA4FDAECEB}.Release|Any CPU.ActiveCfg = Release|Any CPU
		{261F1A2B-5E42-4AB6-B616-89DA4FDAECEB}.Release|Any CPU.Build.0 = Release|Any CPU
	EndGlobalSection
EndGlobal
