
Microsoft Visual Studio Solution File, Format Version 12.00
Project("{2150E333-8FDC-42A3-9474-1A3956D46DE8}") = "1-Presentation", "1-Presentation", "{499AEF2B-068A-4722-8393-35151F5559E8}"
EndProject
Project("{2150E333-8FDC-42A3-9474-1A3956D46DE8}") = "2-Application", "2-Application", "{C86D6CB6-BFC5-4623-8C46-D03DDB3CFBA0}"
EndProject
Project("{2150E333-8FDC-42A3-9474-1A3956D46DE8}") = "3-Domain", "3-Domain", "{714C4881-B17C-42EA-A998-21E69F1327C1}"
EndProject
Project("{2150E333-8FDC-42A3-9474-1A3956D46DE8}") = "4-Infra", "4-Infra", "{8A88E71E-15F5-4EA3-8D50-4D5B61F8227E}"
EndProject
Project("{2150E333-8FDC-42A3-9474-1A3956D46DE8}") = "5-Entities", "5-Entities", "{C9FCAF76-3A56-4A60-BBB0-22BEB7DCBE96}"
EndProject
Project("{FAE04EC0-301F-11D3-BF4B-00C04F79EFBC}") = "Entities", "Entities\Entities.csproj", "{715476F5-33A4-47C2-91C8-C652F85E7F37}"
EndProject
Project("{FAE04EC0-301F-11D3-BF4B-00C04F79EFBC}") = "Infra", "Infra\Infra.csproj", "{F8B687AE-A78B-4D1C-A085-217BDBC8A5F9}"
EndProject
Project("{FAE04EC0-301F-11D3-BF4B-00C04F79EFBC}") = "Domain", "Domain\Domain.csproj", "{01C0375E-BC94-4B04-A5D6-E6DC806C68A4}"
EndProject
Project("{FAE04EC0-301F-11D3-BF4B-00C04F79EFBC}") = "ApplicationApp", "ApplicationApp\ApplicationApp.csproj", "{B2AFF58C-B068-4897-A36D-D4E3D0D56766}"
EndProject
Project("{FAE04EC0-301F-11D3-BF4B-00C04F79EFBC}") = "Web_Ecommerce", "Web_Ecommerce\Web_Ecommerce.csproj", "{8B6C87B9-A886-4694-9801-C939453B2294}"
EndProject
Global
	GlobalSection(SolutionConfigurationPlatforms) = preSolution
		Debug|Any CPU = Debug|Any CPU
		Release|Any CPU = Release|Any CPU
	EndGlobalSection
	GlobalSection(ProjectConfigurationPlatforms) = postSolution
		{715476F5-33A4-47C2-91C8-C652F85E7F37}.Debug|Any CPU.ActiveCfg = Debug|Any CPU
		{715476F5-33A4-47C2-91C8-C652F85E7F37}.Debug|Any CPU.Build.0 = Debug|Any CPU
		{715476F5-33A4-47C2-91C8-C652F85E7F37}.Release|Any CPU.ActiveCfg = Release|Any CPU
		{715476F5-33A4-47C2-91C8-C652F85E7F37}.Release|Any CPU.Build.0 = Release|Any CPU
		{F8B687AE-A78B-4D1C-A085-217BDBC8A5F9}.Debug|Any CPU.ActiveCfg = Debug|Any CPU
		{F8B687AE-A78B-4D1C-A085-217BDBC8A5F9}.Debug|Any CPU.Build.0 = Debug|Any CPU
		{F8B687AE-A78B-4D1C-A085-217BDBC8A5F9}.Release|Any CPU.ActiveCfg = Release|Any CPU
		{F8B687AE-A78B-4D1C-A085-217BDBC8A5F9}.Release|Any CPU.Build.0 = Release|Any CPU
		{01C0375E-BC94-4B04-A5D6-E6DC806C68A4}.Debug|Any CPU.ActiveCfg = Debug|Any CPU
		{01C0375E-BC94-4B04-A5D6-E6DC806C68A4}.Debug|Any CPU.Build.0 = Debug|Any CPU
		{01C0375E-BC94-4B04-A5D6-E6DC806C68A4}.Release|Any CPU.ActiveCfg = Release|Any CPU
		{01C0375E-BC94-4B04-A5D6-E6DC806C68A4}.Release|Any CPU.Build.0 = Release|Any CPU
		{B2AFF58C-B068-4897-A36D-D4E3D0D56766}.Debug|Any CPU.ActiveCfg = Debug|Any CPU
		{B2AFF58C-B068-4897-A36D-D4E3D0D56766}.Debug|Any CPU.Build.0 = Debug|Any CPU
		{B2AFF58C-B068-4897-A36D-D4E3D0D56766}.Release|Any CPU.ActiveCfg = Release|Any CPU
		{B2AFF58C-B068-4897-A36D-D4E3D0D56766}.Release|Any CPU.Build.0 = Release|Any CPU
		{8B6C87B9-A886-4694-9801-C939453B2294}.Debug|Any CPU.ActiveCfg = Debug|Any CPU
		{8B6C87B9-A886-4694-9801-C939453B2294}.Debug|Any CPU.Build.0 = Debug|Any CPU
		{8B6C87B9-A886-4694-9801-C939453B2294}.Release|Any CPU.ActiveCfg = Release|Any CPU
		{8B6C87B9-A886-4694-9801-C939453B2294}.Release|Any CPU.Build.0 = Release|Any CPU
	EndGlobalSection
	GlobalSection(NestedProjects) = preSolution
		{715476F5-33A4-47C2-91C8-C652F85E7F37} = {C9FCAF76-3A56-4A60-BBB0-22BEB7DCBE96}
		{F8B687AE-A78B-4D1C-A085-217BDBC8A5F9} = {8A88E71E-15F5-4EA3-8D50-4D5B61F8227E}
		{01C0375E-BC94-4B04-A5D6-E6DC806C68A4} = {714C4881-B17C-42EA-A998-21E69F1327C1}
		{B2AFF58C-B068-4897-A36D-D4E3D0D56766} = {C86D6CB6-BFC5-4623-8C46-D03DDB3CFBA0}
		{8B6C87B9-A886-4694-9801-C939453B2294} = {499AEF2B-068A-4722-8393-35151F5559E8}
	EndGlobalSection
EndGlobal
