
Microsoft Visual Studio Solution File, Format Version 12.00
Project("{FAE04EC0-301F-11D3-BF4B-00C04F79EFBC}") = "FilmesApi", "FilmesApi\FilmesApi.csproj", "{0366E7B2-9DCF-4689-9BD8-67778728F3EF}"
EndProject
Global
	GlobalSection(SolutionConfigurationPlatforms) = preSolution
		Debug|Any CPU = Debug|Any CPU
		Release|Any CPU = Release|Any CPU
	EndGlobalSection
	GlobalSection(ProjectConfigurationPlatforms) = postSolution
		{0366E7B2-9DCF-4689-9BD8-67778728F3EF}.Debug|Any CPU.ActiveCfg = Debug|Any CPU
		{0366E7B2-9DCF-4689-9BD8-67778728F3EF}.Debug|Any CPU.Build.0 = Debug|Any CPU
		{0366E7B2-9DCF-4689-9BD8-67778728F3EF}.Release|Any CPU.ActiveCfg = Release|Any CPU
		{0366E7B2-9DCF-4689-9BD8-67778728F3EF}.Release|Any CPU.Build.0 = Release|Any CPU
	EndGlobalSection
EndGlobal
