
Microsoft Visual Studio Solution File, Format Version 12.00
# Visual Studio Version 16
VisualStudioVersion = 16.0.30114.105
MinimumVisualStudioVersion = 10.0.40219.1
Project("{2150E333-8FDC-42A3-9474-1A3956D46DE8}") = "1 ports", "1 ports", "{D4694D90-3F2A-11EC-9E2B-89FEFC02BDD4}"
EndProject
Project("{2150E333-8FDC-42A3-9474-1A3956D46DE8}") = "2 domain", "2 domain", "{D9307290-3F2A-11EC-9E2B-89FEFC02BDD4}"
EndProject
Project("{2150E333-8FDC-42A3-9474-1A3956D46DE8}") = "3 adapters", "3 adapters", "{DDD45820-3F2A-11EC-9E2B-89FEFC02BDD4}"
EndProject
Project("{2150E333-8FDC-42A3-9474-1A3956D46DE8}") = "core", "core", "{E4DF52A0-3F2A-11EC-9E2B-89FEFC02BDD4}"
EndProject
Project("{2150E333-8FDC-42A3-9474-1A3956D46DE8}") = "aplication", "aplication", "{E9D10A10-3F2A-11EC-9E2B-89FEFC02BDD4}"
EndProject
Project("{FAE04EC0-301F-11D3-BF4B-00C04F79EFBC}") = "treinamento.domain.core", "treinamento.domain.core\treinamento.domain.core.csproj", "{EC0505B1-FD3E-49D3-9664-77173A1E0527}"
EndProject
Project("{FAE04EC0-301F-11D3-BF4B-00C04F79EFBC}") = "treinamento.domain.aplication", "treinamenot.domain.aplication\treinamento.domain.aplication.csproj", "{FCDF71E9-B21F-4025-8ECD-B761B14282FC}"
EndProject
Project("{FAE04EC0-301F-11D3-BF4B-00C04F79EFBC}") = "treinamento.adapters.DAL", "treinamento.adapters.DAL\treinamento.adapters.DAL.csproj", "{B13E0953-30F3-44EE-AAC1-C52EF5F4C2BC}"
EndProject
Project("{2150E333-8FDC-42A3-9474-1A3956D46DE8}") = "DAL", "DAL", "{59435010-3F2B-11EC-9E2B-89FEFC02BDD4}"
EndProject
Project("{FAE04EC0-301F-11D3-BF4B-00C04F79EFBC}") = "treinamento.Adapters.IOC", "treinamento.Adapters.IOC\treinamento.Adapters.IOC.csproj", "{30EFFEE0-514D-4EC4-ADE0-29D217A61121}"
EndProject
Project("{FAE04EC0-301F-11D3-BF4B-00C04F79EFBC}") = "Treinamento.Ports.WebAPI", "Treinamento.Ports.WebAPI\Treinamento.Ports.WebAPI.csproj", "{5B5BF21F-ECF2-45E3-B4A7-D44053FBDD1F}"
EndProject
Project("{2150E333-8FDC-42A3-9474-1A3956D46DE8}") = "IOC", "IOC", "{EB521280-3F2F-11EC-8ED2-6D9DA646D3E4}"
EndProject
Global
	GlobalSection(SolutionProperties) = preSolution
		HideSolutionNode = FALSE
	EndGlobalSection
	GlobalSection(NestedProjects) = preSolution
		{30EFFEE0-514D-4EC4-ADE0-29D217A61121} = {EB521280-3F2F-11EC-8ED2-6D9DA646D3E4}
		{EB521280-3F2F-11EC-8ED2-6D9DA646D3E4} = {DDD45820-3F2A-11EC-9E2B-89FEFC02BDD4}
		{5B5BF21F-ECF2-45E3-B4A7-D44053FBDD1F} = {D4694D90-3F2A-11EC-9E2B-89FEFC02BDD4}
		{59435010-3F2B-11EC-9E2B-89FEFC02BDD4} = {DDD45820-3F2A-11EC-9E2B-89FEFC02BDD4}
		{B13E0953-30F3-44EE-AAC1-C52EF5F4C2BC} = {59435010-3F2B-11EC-9E2B-89FEFC02BDD4}
		{FCDF71E9-B21F-4025-8ECD-B761B14282FC} = {E9D10A10-3F2A-11EC-9E2B-89FEFC02BDD4}
		{EC0505B1-FD3E-49D3-9664-77173A1E0527} = {E4DF52A0-3F2A-11EC-9E2B-89FEFC02BDD4}
		{E9D10A10-3F2A-11EC-9E2B-89FEFC02BDD4} = {D9307290-3F2A-11EC-9E2B-89FEFC02BDD4}
		{E4DF52A0-3F2A-11EC-9E2B-89FEFC02BDD4} = {D9307290-3F2A-11EC-9E2B-89FEFC02BDD4}
	EndGlobalSection
	GlobalSection(SolutionConfigurationPlatforms) = preSolution
		Debug|Any CPU = Debug|Any CPU
		Debug|x64 = Debug|x64
		Debug|x86 = Debug|x86
		Release|Any CPU = Release|Any CPU
		Release|x64 = Release|x64
		Release|x86 = Release|x86
	EndGlobalSection
	GlobalSection(ProjectConfigurationPlatforms) = postSolution
		{EC0505B1-FD3E-49D3-9664-77173A1E0527}.Debug|Any CPU.ActiveCfg = Debug|Any CPU
		{EC0505B1-FD3E-49D3-9664-77173A1E0527}.Debug|Any CPU.Build.0 = Debug|Any CPU
		{EC0505B1-FD3E-49D3-9664-77173A1E0527}.Debug|x64.ActiveCfg = Debug|Any CPU
		{EC0505B1-FD3E-49D3-9664-77173A1E0527}.Debug|x64.Build.0 = Debug|Any CPU
		{EC0505B1-FD3E-49D3-9664-77173A1E0527}.Debug|x86.ActiveCfg = Debug|Any CPU
		{EC0505B1-FD3E-49D3-9664-77173A1E0527}.Debug|x86.Build.0 = Debug|Any CPU
		{EC0505B1-FD3E-49D3-9664-77173A1E0527}.Release|Any CPU.ActiveCfg = Release|Any CPU
		{EC0505B1-FD3E-49D3-9664-77173A1E0527}.Release|Any CPU.Build.0 = Release|Any CPU
		{EC0505B1-FD3E-49D3-9664-77173A1E0527}.Release|x64.ActiveCfg = Release|Any CPU
		{EC0505B1-FD3E-49D3-9664-77173A1E0527}.Release|x64.Build.0 = Release|Any CPU
		{EC0505B1-FD3E-49D3-9664-77173A1E0527}.Release|x86.ActiveCfg = Release|Any CPU
		{EC0505B1-FD3E-49D3-9664-77173A1E0527}.Release|x86.Build.0 = Release|Any CPU
		{FCDF71E9-B21F-4025-8ECD-B761B14282FC}.Debug|Any CPU.ActiveCfg = Debug|Any CPU
		{FCDF71E9-B21F-4025-8ECD-B761B14282FC}.Debug|Any CPU.Build.0 = Debug|Any CPU
		{FCDF71E9-B21F-4025-8ECD-B761B14282FC}.Debug|x64.ActiveCfg = Debug|Any CPU
		{FCDF71E9-B21F-4025-8ECD-B761B14282FC}.Debug|x64.Build.0 = Debug|Any CPU
		{FCDF71E9-B21F-4025-8ECD-B761B14282FC}.Debug|x86.ActiveCfg = Debug|Any CPU
		{FCDF71E9-B21F-4025-8ECD-B761B14282FC}.Debug|x86.Build.0 = Debug|Any CPU
		{FCDF71E9-B21F-4025-8ECD-B761B14282FC}.Release|Any CPU.ActiveCfg = Release|Any CPU
		{FCDF71E9-B21F-4025-8ECD-B761B14282FC}.Release|Any CPU.Build.0 = Release|Any CPU
		{FCDF71E9-B21F-4025-8ECD-B761B14282FC}.Release|x64.ActiveCfg = Release|Any CPU
		{FCDF71E9-B21F-4025-8ECD-B761B14282FC}.Release|x64.Build.0 = Release|Any CPU
		{FCDF71E9-B21F-4025-8ECD-B761B14282FC}.Release|x86.ActiveCfg = Release|Any CPU
		{FCDF71E9-B21F-4025-8ECD-B761B14282FC}.Release|x86.Build.0 = Release|Any CPU
		{B13E0953-30F3-44EE-AAC1-C52EF5F4C2BC}.Debug|Any CPU.ActiveCfg = Debug|Any CPU
		{B13E0953-30F3-44EE-AAC1-C52EF5F4C2BC}.Debug|Any CPU.Build.0 = Debug|Any CPU
		{B13E0953-30F3-44EE-AAC1-C52EF5F4C2BC}.Debug|x64.ActiveCfg = Debug|Any CPU
		{B13E0953-30F3-44EE-AAC1-C52EF5F4C2BC}.Debug|x64.Build.0 = Debug|Any CPU
		{B13E0953-30F3-44EE-AAC1-C52EF5F4C2BC}.Debug|x86.ActiveCfg = Debug|Any CPU
		{B13E0953-30F3-44EE-AAC1-C52EF5F4C2BC}.Debug|x86.Build.0 = Debug|Any CPU
		{B13E0953-30F3-44EE-AAC1-C52EF5F4C2BC}.Release|Any CPU.ActiveCfg = Release|Any CPU
		{B13E0953-30F3-44EE-AAC1-C52EF5F4C2BC}.Release|Any CPU.Build.0 = Release|Any CPU
		{B13E0953-30F3-44EE-AAC1-C52EF5F4C2BC}.Release|x64.ActiveCfg = Release|Any CPU
		{B13E0953-30F3-44EE-AAC1-C52EF5F4C2BC}.Release|x64.Build.0 = Release|Any CPU
		{B13E0953-30F3-44EE-AAC1-C52EF5F4C2BC}.Release|x86.ActiveCfg = Release|Any CPU
		{B13E0953-30F3-44EE-AAC1-C52EF5F4C2BC}.Release|x86.Build.0 = Release|Any CPU
		{30EFFEE0-514D-4EC4-ADE0-29D217A61121}.Debug|Any CPU.ActiveCfg = Debug|Any CPU
		{30EFFEE0-514D-4EC4-ADE0-29D217A61121}.Debug|Any CPU.Build.0 = Debug|Any CPU
		{30EFFEE0-514D-4EC4-ADE0-29D217A61121}.Debug|x64.ActiveCfg = Debug|Any CPU
		{30EFFEE0-514D-4EC4-ADE0-29D217A61121}.Debug|x64.Build.0 = Debug|Any CPU
		{30EFFEE0-514D-4EC4-ADE0-29D217A61121}.Debug|x86.ActiveCfg = Debug|Any CPU
		{30EFFEE0-514D-4EC4-ADE0-29D217A61121}.Debug|x86.Build.0 = Debug|Any CPU
		{30EFFEE0-514D-4EC4-ADE0-29D217A61121}.Release|Any CPU.ActiveCfg = Release|Any CPU
		{30EFFEE0-514D-4EC4-ADE0-29D217A61121}.Release|Any CPU.Build.0 = Release|Any CPU
		{30EFFEE0-514D-4EC4-ADE0-29D217A61121}.Release|x64.ActiveCfg = Release|Any CPU
		{30EFFEE0-514D-4EC4-ADE0-29D217A61121}.Release|x64.Build.0 = Release|Any CPU
		{30EFFEE0-514D-4EC4-ADE0-29D217A61121}.Release|x86.ActiveCfg = Release|Any CPU
		{30EFFEE0-514D-4EC4-ADE0-29D217A61121}.Release|x86.Build.0 = Release|Any CPU
		{5B5BF21F-ECF2-45E3-B4A7-D44053FBDD1F}.Debug|Any CPU.ActiveCfg = Debug|Any CPU
		{5B5BF21F-ECF2-45E3-B4A7-D44053FBDD1F}.Debug|Any CPU.Build.0 = Debug|Any CPU
		{5B5BF21F-ECF2-45E3-B4A7-D44053FBDD1F}.Debug|x64.ActiveCfg = Debug|Any CPU
		{5B5BF21F-ECF2-45E3-B4A7-D44053FBDD1F}.Debug|x64.Build.0 = Debug|Any CPU
		{5B5BF21F-ECF2-45E3-B4A7-D44053FBDD1F}.Debug|x86.ActiveCfg = Debug|Any CPU
		{5B5BF21F-ECF2-45E3-B4A7-D44053FBDD1F}.Debug|x86.Build.0 = Debug|Any CPU
		{5B5BF21F-ECF2-45E3-B4A7-D44053FBDD1F}.Release|Any CPU.ActiveCfg = Release|Any CPU
		{5B5BF21F-ECF2-45E3-B4A7-D44053FBDD1F}.Release|Any CPU.Build.0 = Release|Any CPU
		{5B5BF21F-ECF2-45E3-B4A7-D44053FBDD1F}.Release|x64.ActiveCfg = Release|Any CPU
		{5B5BF21F-ECF2-45E3-B4A7-D44053FBDD1F}.Release|x64.Build.0 = Release|Any CPU
		{5B5BF21F-ECF2-45E3-B4A7-D44053FBDD1F}.Release|x86.ActiveCfg = Release|Any CPU
		{5B5BF21F-ECF2-45E3-B4A7-D44053FBDD1F}.Release|x86.Build.0 = Release|Any CPU
	EndGlobalSection
EndGlobal
