
Microsoft Visual Studio Solution File, Format Version 12.00
Project("{2150E333-8FDC-42A3-9474-1A3956D46DE8}") = "1-Presentation", "1-Presentation", "{FD2A2233-B185-4D96-8EBB-C212D78CD63E}"
EndProject
Project("{2150E333-8FDC-42A3-9474-1A3956D46DE8}") = "2-Application", "2-Application", "{14B0D71B-0BA1-480C-8065-7586737E6E09}"
EndProject
Project("{2150E333-8FDC-42A3-9474-1A3956D46DE8}") = "3-Domain", "3-Domain", "{E52D7545-3DF0-4FB0-AA4C-7801B8398293}"
EndProject
Project("{2150E333-8FDC-42A3-9474-1A3956D46DE8}") = "4-Infra", "4-Infra", "{14D399E1-09A9-41AB-BC2B-EEF62B2D0A38}"
EndProject
Project("{2150E333-8FDC-42A3-9474-1A3956D46DE8}") = "5-Entities", "5-Entities", "{217255DA-A23F-4904-BEDC-8E156D902044}"
EndProject
Project("{FAE04EC0-301F-11D3-BF4B-00C04F79EFBC}") = "Entities", "Entities\Entities.csproj", "{685D917B-F011-44DB-B17C-8B823BDAF654}"
EndProject
Project("{FAE04EC0-301F-11D3-BF4B-00C04F79EFBC}") = "Infra", "Infra\Infra.csproj", "{FA7DC471-B7F4-493F-812F-EF7A9CE89EA0}"
EndProject
Project("{FAE04EC0-301F-11D3-BF4B-00C04F79EFBC}") = "Domain", "Domain\Domain.csproj", "{84977247-FA56-41A6-9812-718B9B146B61}"
EndProject
Project("{FAE04EC0-301F-11D3-BF4B-00C04F79EFBC}") = "ApplicationApp", "ApplicationApp\ApplicationApp.csproj", "{2AD7617B-0078-4600-A848-122B6332211D}"
EndProject
Project("{FAE04EC0-301F-11D3-BF4B-00C04F79EFBC}") = "WEB_Ecommerce", "WEB_Ecommerce\WEB_Ecommerce.csproj", "{73F56831-688C-4169-993E-EDD83F2FB0A1}"
EndProject
Global
	GlobalSection(SolutionConfigurationPlatforms) = preSolution
		Debug|Any CPU = Debug|Any CPU
		Release|Any CPU = Release|Any CPU
	EndGlobalSection
	GlobalSection(ProjectConfigurationPlatforms) = postSolution
		{685D917B-F011-44DB-B17C-8B823BDAF654}.Debug|Any CPU.ActiveCfg = Debug|Any CPU
		{685D917B-F011-44DB-B17C-8B823BDAF654}.Debug|Any CPU.Build.0 = Debug|Any CPU
		{685D917B-F011-44DB-B17C-8B823BDAF654}.Release|Any CPU.ActiveCfg = Release|Any CPU
		{685D917B-F011-44DB-B17C-8B823BDAF654}.Release|Any CPU.Build.0 = Release|Any CPU
		{FA7DC471-B7F4-493F-812F-EF7A9CE89EA0}.Debug|Any CPU.ActiveCfg = Debug|Any CPU
		{FA7DC471-B7F4-493F-812F-EF7A9CE89EA0}.Debug|Any CPU.Build.0 = Debug|Any CPU
		{FA7DC471-B7F4-493F-812F-EF7A9CE89EA0}.Release|Any CPU.ActiveCfg = Release|Any CPU
		{FA7DC471-B7F4-493F-812F-EF7A9CE89EA0}.Release|Any CPU.Build.0 = Release|Any CPU
		{84977247-FA56-41A6-9812-718B9B146B61}.Debug|Any CPU.ActiveCfg = Debug|Any CPU
		{84977247-FA56-41A6-9812-718B9B146B61}.Debug|Any CPU.Build.0 = Debug|Any CPU
		{84977247-FA56-41A6-9812-718B9B146B61}.Release|Any CPU.ActiveCfg = Release|Any CPU
		{84977247-FA56-41A6-9812-718B9B146B61}.Release|Any CPU.Build.0 = Release|Any CPU
		{2AD7617B-0078-4600-A848-122B6332211D}.Debug|Any CPU.ActiveCfg = Debug|Any CPU
		{2AD7617B-0078-4600-A848-122B6332211D}.Debug|Any CPU.Build.0 = Debug|Any CPU
		{2AD7617B-0078-4600-A848-122B6332211D}.Release|Any CPU.ActiveCfg = Release|Any CPU
		{2AD7617B-0078-4600-A848-122B6332211D}.Release|Any CPU.Build.0 = Release|Any CPU
		{73F56831-688C-4169-993E-EDD83F2FB0A1}.Debug|Any CPU.ActiveCfg = Debug|Any CPU
		{73F56831-688C-4169-993E-EDD83F2FB0A1}.Debug|Any CPU.Build.0 = Debug|Any CPU
		{73F56831-688C-4169-993E-EDD83F2FB0A1}.Release|Any CPU.ActiveCfg = Release|Any CPU
		{73F56831-688C-4169-993E-EDD83F2FB0A1}.Release|Any CPU.Build.0 = Release|Any CPU
	EndGlobalSection
	GlobalSection(NestedProjects) = preSolution
		{685D917B-F011-44DB-B17C-8B823BDAF654} = {217255DA-A23F-4904-BEDC-8E156D902044}
		{FA7DC471-B7F4-493F-812F-EF7A9CE89EA0} = {14D399E1-09A9-41AB-BC2B-EEF62B2D0A38}
		{84977247-FA56-41A6-9812-718B9B146B61} = {E52D7545-3DF0-4FB0-AA4C-7801B8398293}
		{2AD7617B-0078-4600-A848-122B6332211D} = {14B0D71B-0BA1-480C-8065-7586737E6E09}
		{73F56831-688C-4169-993E-EDD83F2FB0A1} = {FD2A2233-B185-4D96-8EBB-C212D78CD63E}
	EndGlobalSection
EndGlobal
