
Microsoft Visual Studio Solution File, Format Version 12.00
Project("{FAE04EC0-301F-11D3-BF4B-00C04F79EFBC}") = "Entidades", "Entidades\Entidades.csproj", "{F00851EB-CBD9-4D55-A9FC-7CC6A074751A}"
EndProject
Project("{2150E333-8FDC-42A3-9474-1A3956D46DE8}") = "1-APIs", "1-APIs", "{6CA170B4-DB47-435E-85DA-6134645AE56B}"
EndProject
Project("{2150E333-8FDC-42A3-9474-1A3956D46DE8}") = "2-Aplicaçao", "2-Aplicaçao", "{459EE654-F440-4599-8B79-CC57DE71E386}"
EndProject
Project("{2150E333-8FDC-42A3-9474-1A3956D46DE8}") = "3-Dominio", "3-Dominio", "{32EA2BC9-185F-44B7-8347-B8D73E63C004}"
EndProject
Project("{2150E333-8FDC-42A3-9474-1A3956D46DE8}") = "4-Infraestrutura", "4-Infraestrutura", "{052C44AA-1FF5-4E48-BEF9-D15527856BE2}"
EndProject
Project("{2150E333-8FDC-42A3-9474-1A3956D46DE8}") = "5-Entidades", "5-Entidades", "{7C4E3FE4-167C-43CA-9AA5-5D4612713E83}"
EndProject
Project("{FAE04EC0-301F-11D3-BF4B-00C04F79EFBC}") = "Infraestrutura", "Infraestrutura\Infraestrutura.csproj", "{3671A003-BF97-4D66-B5FD-9A2A2706E5D2}"
EndProject
Project("{FAE04EC0-301F-11D3-BF4B-00C04F79EFBC}") = "Dominio", "Dominio\Dominio.csproj", "{2FAC86F1-88C2-40F7-AE07-B4AF40B0C741}"
EndProject
Project("{FAE04EC0-301F-11D3-BF4B-00C04F79EFBC}") = "Aplicação", "Aplicação\Aplicação.csproj", "{048D11E9-087E-45FE-9C4F-7C18EC74D692}"
EndProject
Project("{FAE04EC0-301F-11D3-BF4B-00C04F79EFBC}") = "WebAPI", "WebAPI\WebAPI.csproj", "{BB828423-DC13-4950-A9B5-3E8FB2D3406D}"
EndProject
Global
	GlobalSection(SolutionConfigurationPlatforms) = preSolution
		Debug|Any CPU = Debug|Any CPU
		Release|Any CPU = Release|Any CPU
	EndGlobalSection
	GlobalSection(ProjectConfigurationPlatforms) = postSolution
		{F00851EB-CBD9-4D55-A9FC-7CC6A074751A}.Debug|Any CPU.ActiveCfg = Debug|Any CPU
		{F00851EB-CBD9-4D55-A9FC-7CC6A074751A}.Debug|Any CPU.Build.0 = Debug|Any CPU
		{F00851EB-CBD9-4D55-A9FC-7CC6A074751A}.Release|Any CPU.ActiveCfg = Release|Any CPU
		{F00851EB-CBD9-4D55-A9FC-7CC6A074751A}.Release|Any CPU.Build.0 = Release|Any CPU
		{3671A003-BF97-4D66-B5FD-9A2A2706E5D2}.Debug|Any CPU.ActiveCfg = Debug|Any CPU
		{3671A003-BF97-4D66-B5FD-9A2A2706E5D2}.Debug|Any CPU.Build.0 = Debug|Any CPU
		{3671A003-BF97-4D66-B5FD-9A2A2706E5D2}.Release|Any CPU.ActiveCfg = Release|Any CPU
		{3671A003-BF97-4D66-B5FD-9A2A2706E5D2}.Release|Any CPU.Build.0 = Release|Any CPU
		{2FAC86F1-88C2-40F7-AE07-B4AF40B0C741}.Debug|Any CPU.ActiveCfg = Debug|Any CPU
		{2FAC86F1-88C2-40F7-AE07-B4AF40B0C741}.Debug|Any CPU.Build.0 = Debug|Any CPU
		{2FAC86F1-88C2-40F7-AE07-B4AF40B0C741}.Release|Any CPU.ActiveCfg = Release|Any CPU
		{2FAC86F1-88C2-40F7-AE07-B4AF40B0C741}.Release|Any CPU.Build.0 = Release|Any CPU
		{048D11E9-087E-45FE-9C4F-7C18EC74D692}.Debug|Any CPU.ActiveCfg = Debug|Any CPU
		{048D11E9-087E-45FE-9C4F-7C18EC74D692}.Debug|Any CPU.Build.0 = Debug|Any CPU
		{048D11E9-087E-45FE-9C4F-7C18EC74D692}.Release|Any CPU.ActiveCfg = Release|Any CPU
		{048D11E9-087E-45FE-9C4F-7C18EC74D692}.Release|Any CPU.Build.0 = Release|Any CPU
		{BB828423-DC13-4950-A9B5-3E8FB2D3406D}.Debug|Any CPU.ActiveCfg = Debug|Any CPU
		{BB828423-DC13-4950-A9B5-3E8FB2D3406D}.Debug|Any CPU.Build.0 = Debug|Any CPU
		{BB828423-DC13-4950-A9B5-3E8FB2D3406D}.Release|Any CPU.ActiveCfg = Release|Any CPU
		{BB828423-DC13-4950-A9B5-3E8FB2D3406D}.Release|Any CPU.Build.0 = Release|Any CPU
	EndGlobalSection
	GlobalSection(NestedProjects) = preSolution
		{F00851EB-CBD9-4D55-A9FC-7CC6A074751A} = {7C4E3FE4-167C-43CA-9AA5-5D4612713E83}
		{3671A003-BF97-4D66-B5FD-9A2A2706E5D2} = {052C44AA-1FF5-4E48-BEF9-D15527856BE2}
		{2FAC86F1-88C2-40F7-AE07-B4AF40B0C741} = {32EA2BC9-185F-44B7-8347-B8D73E63C004}
		{048D11E9-087E-45FE-9C4F-7C18EC74D692} = {459EE654-F440-4599-8B79-CC57DE71E386}
		{BB828423-DC13-4950-A9B5-3E8FB2D3406D} = {6CA170B4-DB47-435E-85DA-6134645AE56B}
	EndGlobalSection
EndGlobal
